// !$*UTF8*$!
{
	archiveVersion = 1;
	classes = {
	};
	objectVersion = 46;
	objects = {

/* Begin PBXBuildFile section */
		22301F4A10D7BC6C00C1989F /* JitterAPI.framework in Frameworks */ = {isa = PBXBuildFile; fileRef = 22301F4910D7BC6C00C1989F /* JitterAPI.framework */; };
		2282B5AB10D90CE800D827D3 /* jit.gl.hap.c in Sources */ = {isa = PBXBuildFile; fileRef = 2282B5AA10D90CE800D827D3 /* jit.gl.hap.c */; };
		2282B5AD10D90CF000D827D3 /* max.jit.gl.hap.c in Sources */ = {isa = PBXBuildFile; fileRef = 2282B5AC10D90CF000D827D3 /* max.jit.gl.hap.c */; };
		2282B5C510D90D3900D827D3 /* OpenGL.framework in Frameworks */ = {isa = PBXBuildFile; fileRef = 2282B5C410D90D3900D827D3 /* OpenGL.framework */; };
		D435281216E6B99B00DC2BC0 /* Hap_QuickTime_Playback_Prefix.pch in Headers */ = {isa = PBXBuildFile; fileRef = D435280816E6B99B00DC2BC0 /* Hap_QuickTime_Playback_Prefix.pch */; };
		D435281516E6B99B00DC2BC0 /* HapQuickTimePlayback.h in Headers */ = {isa = PBXBuildFile; fileRef = D435280B16E6B99B00DC2BC0 /* HapQuickTimePlayback.h */; };
		D435281616E6B99B00DC2BC0 /* HapQuickTimePlayback.m in Sources */ = {isa = PBXBuildFile; fileRef = D435280C16E6B99B00DC2BC0 /* HapQuickTimePlayback.m */; };
		D435281C16E6BD1000DC2BC0 /* QuickTime.framework in Frameworks */ = {isa = PBXBuildFile; fileRef = D435281B16E6BD1000DC2BC0 /* QuickTime.framework */; };
		D435281E16E6BD2200DC2BC0 /* Quartz.framework in Frameworks */ = {isa = PBXBuildFile; fileRef = D435281D16E6BD2200DC2BC0 /* Quartz.framework */; };
		D435282016E6BD7F00DC2BC0 /* QTKit.framework in Frameworks */ = {isa = PBXBuildFile; fileRef = D435281F16E6BD7F00DC2BC0 /* QTKit.framework */; };
		D480C59216E6C2830023321E /* Cocoa.framework in Frameworks */ = {isa = PBXBuildFile; fileRef = D480C59116E6C2830023321E /* Cocoa.framework */; };
		D480C5C016E957AF0023321E /* HapSupport.h in Headers */ = {isa = PBXBuildFile; fileRef = D480C5BE16E957AF0023321E /* HapSupport.h */; };
		D480C5C116E957AF0023321E /* HapSupport.m in Sources */ = {isa = PBXBuildFile; fileRef = D480C5BF16E957AF0023321E /* HapSupport.m */; };
		D480C5C716E9607B0023321E /* jit.gl.hap.glsl.c in Sources */ = {isa = PBXBuildFile; fileRef = D480C5C616E9607B0023321E /* jit.gl.hap.glsl.c */; };
/* End PBXBuildFile section */

/* Begin PBXFileReference section */
		22301F4910D7BC6C00C1989F /* JitterAPI.framework */ = {isa = PBXFileReference; lastKnownFileType = wrapper.framework; name = JitterAPI.framework; path = "../MaxSDK-6.1.0/c74support/jit-includes/JitterAPI.framework"; sourceTree = SOURCE_ROOT; };
		2282B5AA10D90CE800D827D3 /* jit.gl.hap.c */ = {isa = PBXFileReference; fileEncoding = 4; lastKnownFileType = sourcecode.c.c; path = jit.gl.hap.c; sourceTree = "<group>"; };
		2282B5AC10D90CF000D827D3 /* max.jit.gl.hap.c */ = {isa = PBXFileReference; fileEncoding = 4; lastKnownFileType = sourcecode.c.c; path = max.jit.gl.hap.c; sourceTree = "<group>"; };
		2282B5C410D90D3900D827D3 /* OpenGL.framework */ = {isa = PBXFileReference; lastKnownFileType = wrapper.framework; name = OpenGL.framework; path = /System/Library/Frameworks/OpenGL.framework; sourceTree = "<absolute>"; };
		22CF10220EE984600054F513 /* maxmspsdk.xcconfig */ = {isa = PBXFileReference; fileEncoding = 4; lastKnownFileType = text.xcconfig; path = maxmspsdk.xcconfig; sourceTree = SOURCE_ROOT; };
		2FBBEAE508F335360078DB84 /* jit.gl.hap.mxo */ = {isa = PBXFileReference; explicitFileType = wrapper.cfbundle; includeInIndex = 0; path = jit.gl.hap.mxo; sourceTree = BUILT_PRODUCTS_DIR; };
		D435280816E6B99B00DC2BC0 /* Hap_QuickTime_Playback_Prefix.pch */ = {isa = PBXFileReference; fileEncoding = 4; lastKnownFileType = sourcecode.c.h; path = Hap_QuickTime_Playback_Prefix.pch; sourceTree = "<group>"; };
		D435280B16E6B99B00DC2BC0 /* HapQuickTimePlayback.h */ = {isa = PBXFileReference; fileEncoding = 4; lastKnownFileType = sourcecode.c.h; path = HapQuickTimePlayback.h; sourceTree = "<group>"; };
		D435280C16E6B99B00DC2BC0 /* HapQuickTimePlayback.m */ = {isa = PBXFileReference; fileEncoding = 4; lastKnownFileType = sourcecode.c.objc; path = HapQuickTimePlayback.m; sourceTree = "<group>"; };
		D435281B16E6BD1000DC2BC0 /* QuickTime.framework */ = {isa = PBXFileReference; lastKnownFileType = wrapper.framework; name = QuickTime.framework; path = /System/Library/Frameworks/QuickTime.framework; sourceTree = "<absolute>"; };
		D435281D16E6BD2200DC2BC0 /* Quartz.framework */ = {isa = PBXFileReference; lastKnownFileType = wrapper.framework; name = Quartz.framework; path = /System/Library/Frameworks/Quartz.framework; sourceTree = "<absolute>"; };
		D435281F16E6BD7F00DC2BC0 /* QTKit.framework */ = {isa = PBXFileReference; lastKnownFileType = wrapper.framework; name = QTKit.framework; path = /System/Library/Frameworks/QTKit.framework; sourceTree = "<absolute>"; };
		D480C59116E6C2830023321E /* Cocoa.framework */ = {isa = PBXFileReference; lastKnownFileType = wrapper.framework; name = Cocoa.framework; path = ../../../../../../../../System/Library/Frameworks/Cocoa.framework; sourceTree = "<group>"; };
		D480C59616E6D9810023321E /* Hap_c_interface.h */ = {isa = PBXFileReference; lastKnownFileType = sourcecode.c.h; path = Hap_c_interface.h; sourceTree = "<group>"; };
		D480C5BE16E957AF0023321E /* HapSupport.h */ = {isa = PBXFileReference; fileEncoding = 4; lastKnownFileType = sourcecode.c.h; path = HapSupport.h; sourceTree = "<group>"; };
		D480C5BF16E957AF0023321E /* HapSupport.m */ = {isa = PBXFileReference; fileEncoding = 4; lastKnownFileType = sourcecode.c.objc; path = HapSupport.m; sourceTree = "<group>"; };
		D480C5C616E9607B0023321E /* jit.gl.hap.glsl.c */ = {isa = PBXFileReference; fileEncoding = 4; lastKnownFileType = sourcecode.c.c; path = jit.gl.hap.glsl.c; sourceTree = "<group>"; };
		D480C5C816E9608D0023321E /* jit.gl.hap.glsl.h */ = {isa = PBXFileReference; lastKnownFileType = sourcecode.c.h; path = jit.gl.hap.glsl.h; sourceTree = "<group>"; };
/* End PBXFileReference section */

/* Begin PBXFrameworksBuildPhase section */
		2FBBEADC08F335360078DB84 /* Frameworks */ = {
			isa = PBXFrameworksBuildPhase;
			buildActionMask = 2147483647;
			files = (
				22301F4A10D7BC6C00C1989F /* JitterAPI.framework in Frameworks */,
				2282B5C510D90D3900D827D3 /* OpenGL.framework in Frameworks */,
				D435281C16E6BD1000DC2BC0 /* QuickTime.framework in Frameworks */,
				D435281E16E6BD2200DC2BC0 /* Quartz.framework in Frameworks */,
				D435282016E6BD7F00DC2BC0 /* QTKit.framework in Frameworks */,
				D480C59216E6C2830023321E /* Cocoa.framework in Frameworks */,
			);
			runOnlyForDeploymentPostprocessing = 0;
		};
/* End PBXFrameworksBuildPhase section */

/* Begin PBXGroup section */
		089C166AFE841209C02AAC07 /* iterator */ = {
			isa = PBXGroup;
			children = (
				22CF10220EE984600054F513 /* maxmspsdk.xcconfig */,
				08FB77ADFE841716C02AAC07 /* Source */,
				D435280516E6B99B00DC2BC0 /* hap */,
				089C1671FE841209C02AAC07 /* External Frameworks and Libraries */,
				19C28FB4FE9D528D11CA2CBB /* Products */,
			);
			name = iterator;
			sourceTree = "<group>";
		};
		089C1671FE841209C02AAC07 /* External Frameworks and Libraries */ = {
			isa = PBXGroup;
			children = (
				D480C59116E6C2830023321E /* Cocoa.framework */,
				D435281F16E6BD7F00DC2BC0 /* QTKit.framework */,
				D435281D16E6BD2200DC2BC0 /* Quartz.framework */,
				D435281B16E6BD1000DC2BC0 /* QuickTime.framework */,
				2282B5C410D90D3900D827D3 /* OpenGL.framework */,
				22301F4910D7BC6C00C1989F /* JitterAPI.framework */,
			);
			name = "External Frameworks and Libraries";
			sourceTree = "<group>";
		};
		08FB77ADFE841716C02AAC07 /* Source */ = {
			isa = PBXGroup;
			children = (
				2282B5AA10D90CE800D827D3 /* jit.gl.hap.c */,
				2282B5AC10D90CF000D827D3 /* max.jit.gl.hap.c */,
				D480C5C616E9607B0023321E /* jit.gl.hap.glsl.c */,
				D480C5C816E9608D0023321E /* jit.gl.hap.glsl.h */,
			);
			name = Source;
			sourceTree = "<group>";
		};
		19C28FB4FE9D528D11CA2CBB /* Products */ = {
			isa = PBXGroup;
			children = (
				2FBBEAE508F335360078DB84 /* jit.gl.hap.mxo */,
			);
			name = Products;
			sourceTree = "<group>";
		};
		D435280516E6B99B00DC2BC0 /* hap */ = {
			isa = PBXGroup;
			children = (
				D480C5BE16E957AF0023321E /* HapSupport.h */,
				D480C5BF16E957AF0023321E /* HapSupport.m */,
				D435280816E6B99B00DC2BC0 /* Hap_QuickTime_Playback_Prefix.pch */,
				D435280B16E6B99B00DC2BC0 /* HapQuickTimePlayback.h */,
				D435280C16E6B99B00DC2BC0 /* HapQuickTimePlayback.m */,
				D480C59616E6D9810023321E /* Hap_c_interface.h */,
			);
			path = hap;
			sourceTree = "<group>";
		};
/* End PBXGroup section */

/* Begin PBXHeadersBuildPhase section */
		2FBBEAD708F335360078DB84 /* Headers */ = {
			isa = PBXHeadersBuildPhase;
			buildActionMask = 2147483647;
			files = (
				D435281216E6B99B00DC2BC0 /* Hap_QuickTime_Playback_Prefix.pch in Headers */,
				D435281516E6B99B00DC2BC0 /* HapQuickTimePlayback.h in Headers */,
				D480C5C016E957AF0023321E /* HapSupport.h in Headers */,
			);
			runOnlyForDeploymentPostprocessing = 0;
		};
/* End PBXHeadersBuildPhase section */

/* Begin PBXNativeTarget section */
		2FBBEAD608F335360078DB84 /* max-external */ = {
			isa = PBXNativeTarget;
			buildConfigurationList = 2FBBEAE008F335360078DB84 /* Build configuration list for PBXNativeTarget "max-external" */;
			buildPhases = (
				2FBBEAD708F335360078DB84 /* Headers */,
				2FBBEAD808F335360078DB84 /* Resources */,
				2FBBEADA08F335360078DB84 /* Sources */,
				2FBBEADC08F335360078DB84 /* Frameworks */,
				2FBBEADF08F335360078DB84 /* Rez */,
			);
			buildRules = (
			);
			dependencies = (
			);
			name = "max-external";
			productName = iterator;
			productReference = 2FBBEAE508F335360078DB84 /* jit.gl.hap.mxo */;
			productType = "com.apple.product-type.bundle";
		};
/* End PBXNativeTarget section */

/* Begin PBXProject section */
		089C1669FE841209C02AAC07 /* Project object */ = {
			isa = PBXProject;
			attributes = {
				LastUpgradeCheck = 0450;
			};
			buildConfigurationList = 2FBBEACF08F335010078DB84 /* Build configuration list for PBXProject "jit.gl.hap" */;
			compatibilityVersion = "Xcode 3.2";
			developmentRegion = English;
			hasScannedForEncodings = 1;
			knownRegions = (
				en,
			);
			mainGroup = 089C166AFE841209C02AAC07 /* iterator */;
			projectDirPath = "";
			projectRoot = "";
			targets = (
				2FBBEAD608F335360078DB84 /* max-external */,
			);
		};
/* End PBXProject section */

/* Begin PBXResourcesBuildPhase section */
		2FBBEAD808F335360078DB84 /* Resources */ = {
			isa = PBXResourcesBuildPhase;
			buildActionMask = 2147483647;
			files = (
			);
			runOnlyForDeploymentPostprocessing = 0;
		};
/* End PBXResourcesBuildPhase section */

/* Begin PBXRezBuildPhase section */
		2FBBEADF08F335360078DB84 /* Rez */ = {
			isa = PBXRezBuildPhase;
			buildActionMask = 2147483647;
			files = (
			);
			runOnlyForDeploymentPostprocessing = 0;
		};
/* End PBXRezBuildPhase section */

/* Begin PBXSourcesBuildPhase section */
		2FBBEADA08F335360078DB84 /* Sources */ = {
			isa = PBXSourcesBuildPhase;
			buildActionMask = 2147483647;
			files = (
				2282B5AB10D90CE800D827D3 /* jit.gl.hap.c in Sources */,
				2282B5AD10D90CF000D827D3 /* max.jit.gl.hap.c in Sources */,
				D435281616E6B99B00DC2BC0 /* HapQuickTimePlayback.m in Sources */,
				D480C5C116E957AF0023321E /* HapSupport.m in Sources */,
				D480C5C716E9607B0023321E /* jit.gl.hap.glsl.c in Sources */,
			);
			runOnlyForDeploymentPostprocessing = 0;
		};
/* End PBXSourcesBuildPhase section */

/* Begin XCBuildConfiguration section */
		2FBBEAD008F335010078DB84 /* Development */ = {
			isa = XCBuildConfiguration;
			buildSettings = {
			};
			name = Development;
		};
		2FBBEAD108F335010078DB84 /* Deployment */ = {
			isa = XCBuildConfiguration;
			buildSettings = {
			};
			name = Deployment;
		};
		2FBBEAE108F335360078DB84 /* Development */ = {
			isa = XCBuildConfiguration;
			baseConfigurationReference = 22CF10220EE984600054F513 /* maxmspsdk.xcconfig */;
			buildSettings = {
				COMBINE_HIDPI_IMAGES = YES;
				COPY_PHASE_STRIP = NO;
				FRAMEWORK_SEARCH_PATHS = (
					"$(inherited)",
					"\"$(SRCROOT)/../../../c74support/jit-includes\"",
				);
				GCC_OPTIMIZATION_LEVEL = 0;
				GCC_PRECOMPILE_PREFIX_HEADER = YES;
				GCC_PREFIX_HEADER = ./hap/Hap_QuickTime_Playback_Prefix.pch;
				ONLY_ACTIVE_ARCH = YES;
				OTHER_LDFLAGS = "$(C74_SYM_LINKER_FLAGS)";
			};
			name = Development;
		};
		2FBBEAE208F335360078DB84 /* Deployment */ = {
			isa = XCBuildConfiguration;
			baseConfigurationReference = 22CF10220EE984600054F513 /* maxmspsdk.xcconfig */;
			buildSettings = {
				COMBINE_HIDPI_IMAGES = YES;
				COPY_PHASE_STRIP = YES;
				FRAMEWORK_SEARCH_PATHS = (
					"$(inherited)",
					"\"$(SRCROOT)/../../../c74support/jit-includes\"",
				);
				GCC_PRECOMPILE_PREFIX_HEADER = YES;
				GCC_PREFIX_HEADER = ./hap/Hap_QuickTime_Playback_Prefix.pch;
				ONLY_ACTIVE_ARCH = YES;
				OTHER_LDFLAGS = "$(C74_SYM_LINKER_FLAGS)";
			};
			name = Deployment;
		};
/* End XCBuildConfiguration section */

/* Begin XCConfigurationList section */
		2FBBEACF08F335010078DB84 /* Build configuration list for PBXProject "jit.gl.hap" */ = {
			isa = XCConfigurationList;
			buildConfigurations = (
				2FBBEAD008F335010078DB84 /* Development */,
				2FBBEAD108F335010078DB84 /* Deployment */,
			);
			defaultConfigurationIsVisible = 0;
			defaultConfigurationName = Development;
		};
		2FBBEAE008F335360078DB84 /* Build configuration list for PBXNativeTarget "max-external" */ = {
			isa = XCConfigurationList;
			buildConfigurations = (
				2FBBEAE108F335360078DB84 /* Development */,
				2FBBEAE208F335360078DB84 /* Deployment */,
			);
			defaultConfigurationIsVisible = 0;
			defaultConfigurationName = Development;
		};
/* End XCConfigurationList section */
	};
	rootObject = 089C1669FE841209C02AAC07 /* Project object */;
}
